
Microsoft Visual Studio Solution File, Format Version 12.00
# Visual Studio Version 16
VisualStudioVersion = 16.0.29613.14
MinimumVisualStudioVersion = 10.0.40219.1
Project("{FAE04EC0-301F-11D3-BF4B-00C04F79EFBC}") = "KnowledgeBaseConsole", "KnowledgeBaseConsole\KnowledgeBaseConsole.csproj", "{BB8BBD55-E7C5-4DFC-AA1B-C488DC410F36}"
EndProject
Global
	GlobalSection(SolutionConfigurationPlatforms) = preSolution
		Debug|Any CPU = Debug|Any CPU
		Release|Any CPU = Release|Any CPU
	EndGlobalSection
	GlobalSection(ProjectConfigurationPlatforms) = postSolution
		{BB8BBD55-E7C5-4DFC-AA1B-C488DC410F36}.Debug|Any CPU.ActiveCfg = Debug|Any CPU
		{BB8BBD55-E7C5-4DFC-AA1B-C488DC410F36}.Debug|Any CPU.Build.0 = Debug|Any CPU
		{BB8BBD55-E7C5-4DFC-AA1B-C488DC410F36}.Release|Any CPU.ActiveCfg = Release|Any CPU
		{BB8BBD55-E7C5-4DFC-AA1B-C488DC410F36}.Release|Any CPU.Build.0 = Release|Any CPU
	EndGlobalSection
	GlobalSection(SolutionProperties) = preSolution
		HideSolutionNode = FALSE
	EndGlobalSection
	GlobalSection(ExtensibilityGlobals) = postSolution
		SolutionGuid = {E21E5DFD-2E4B-4B39-845B-3AD48DC03B5D}
	EndGlobalSection
EndGlobal
